
Microsoft Visual Studio Solution File, Format Version 12.00
# Visual Studio Version 17
VisualStudioVersion = 17.0.31710.8
MinimumVisualStudioVersion = 10.0.40219.1
Project("{9A19103F-16F7-4668-BE54-9A1E7A4F7556}") = "Problems", "src\Problems\Problems.csproj", "{6CFBE723-1FD5-43B6-BAC0-FCC593084601}"
EndProject
Project("{9A19103F-16F7-4668-BE54-9A1E7A4F7556}") = "Problems.Tests", "tests\Problems.Tests\Problems.Tests.csproj", "{C9FE7D51-B7E2-4197-B7C0-4183865F705F}"
EndProject
Project("{9A19103F-16F7-4668-BE54-9A1E7A4F7556}") = "Problems.Benchmarks", "Problems.Benchmarks\Problems.Benchmarks.csproj", "{BF4A88DF-CF1C-4F1F-A6AA-049E24430041}"
EndProject
Project("{2150E333-8FDC-42A3-9474-1A3956D46DE8}") = "Solution Items", "Solution Items", "{C113AA1E-8C1C-411F-BBE5-732AF03F6E62}"
EndProject
Project("{2150E333-8FDC-42A3-9474-1A3956D46DE8}") = "timeboxed-mock-interviews", "timeboxed-mock-interviews", "{6BA2667D-9C47-4E50-BAC8-EEDC1AD26AEF}"
	ProjectSection(SolutionItems) = preProject
		mock\ComputeAGrayCode.cs = mock\ComputeAGrayCode.cs
		mock\GenerateBinaryTrees.cs = mock\GenerateBinaryTrees.cs
		mock\ImplementASudokuSolver.cs = mock\ImplementASudokuSolver.cs
		mock\SudokuSolver-SecondTry.cs = mock\SudokuSolver-SecondTry.cs
	EndProjectSection
EndProject
Global
	GlobalSection(SolutionConfigurationPlatforms) = preSolution
		Debug|Any CPU = Debug|Any CPU
		Release|Any CPU = Release|Any CPU
	EndGlobalSection
	GlobalSection(ProjectConfigurationPlatforms) = postSolution
		{6CFBE723-1FD5-43B6-BAC0-FCC593084601}.Debug|Any CPU.ActiveCfg = Debug|Any CPU
		{6CFBE723-1FD5-43B6-BAC0-FCC593084601}.Debug|Any CPU.Build.0 = Debug|Any CPU
		{6CFBE723-1FD5-43B6-BAC0-FCC593084601}.Release|Any CPU.ActiveCfg = Release|Any CPU
		{6CFBE723-1FD5-43B6-BAC0-FCC593084601}.Release|Any CPU.Build.0 = Release|Any CPU
		{C9FE7D51-B7E2-4197-B7C0-4183865F705F}.Debug|Any CPU.ActiveCfg = Debug|Any CPU
		{C9FE7D51-B7E2-4197-B7C0-4183865F705F}.Debug|Any CPU.Build.0 = Debug|Any CPU
		{C9FE7D51-B7E2-4197-B7C0-4183865F705F}.Release|Any CPU.ActiveCfg = Release|Any CPU
		{C9FE7D51-B7E2-4197-B7C0-4183865F705F}.Release|Any CPU.Build.0 = Release|Any CPU
		{BF4A88DF-CF1C-4F1F-A6AA-049E24430041}.Debug|Any CPU.ActiveCfg = Debug|Any CPU
		{BF4A88DF-CF1C-4F1F-A6AA-049E24430041}.Debug|Any CPU.Build.0 = Debug|Any CPU
		{BF4A88DF-CF1C-4F1F-A6AA-049E24430041}.Release|Any CPU.ActiveCfg = Release|Any CPU
		{BF4A88DF-CF1C-4F1F-A6AA-049E24430041}.Release|Any CPU.Build.0 = Release|Any CPU
	EndGlobalSection
	GlobalSection(SolutionProperties) = preSolution
		HideSolutionNode = FALSE
	EndGlobalSection
	GlobalSection(ExtensibilityGlobals) = postSolution
		SolutionGuid = {2A8F431F-3EA5-44B8-B17B-6002F5488196}
	EndGlobalSection
EndGlobal
